
Microsoft Visual Studio Solution File, Format Version 12.00
# Visual Studio 15
VisualStudioVersion = 15.0.27428.2043
MinimumVisualStudioVersion = 10.0.40219.1
Project("{FAE04EC0-301F-11D3-BF4B-00C04F79EFBC}") = "OSTaskSimulator", "OSTaskSimulator\OSTaskSimulator.csproj", "{BD5C50F0-1407-453A-ABBD-9B6DBBB2E3DF}"
EndProject
Global
	GlobalSection(SolutionConfigurationPlatforms) = preSolution
		Debug|Any CPU = Debug|Any CPU
		Release|Any CPU = Release|Any CPU
	EndGlobalSection
	GlobalSection(ProjectConfigurationPlatforms) = postSolution
		{BD5C50F0-1407-453A-ABBD-9B6DBBB2E3DF}.Debug|Any CPU.ActiveCfg = Debug|Any CPU
		{BD5C50F0-1407-453A-ABBD-9B6DBBB2E3DF}.Debug|Any CPU.Build.0 = Debug|Any CPU
		{BD5C50F0-1407-453A-ABBD-9B6DBBB2E3DF}.Release|Any CPU.ActiveCfg = Release|Any CPU
		{BD5C50F0-1407-453A-ABBD-9B6DBBB2E3DF}.Release|Any CPU.Build.0 = Release|Any CPU
	EndGlobalSection
	GlobalSection(SolutionProperties) = preSolution
		HideSolutionNode = FALSE
	EndGlobalSection
	GlobalSection(ExtensibilityGlobals) = postSolution
		SolutionGuid = {58CB112C-BBE1-4E59-A4D8-A503193B67B1}
	EndGlobalSection
EndGlobal
